
Microsoft Visual Studio Solution File, Format Version 12.00
# Visual Studio 15
VisualStudioVersion = 15.0.28307.1022
MinimumVisualStudioVersion = 10.0.40219.1
Project("{8BC9CEB8-8B4A-11D0-8D11-00A0C91BC942}") = "mp2lab4poly", "mp2lab4poly\mp2lab4poly.vcxproj", "{7866FA27-4000-4519-9BF2-C9949FA55F00}"
	ProjectSection(ProjectDependencies) = postProject
		{811A5EAD-F984-451C-BD30-C44D04CDD0A0} = {811A5EAD-F984-451C-BD30-C44D04CDD0A0}
	EndProjectSection
EndProject
Project("{8BC9CEB8-8B4A-11D0-8D11-00A0C91BC942}") = "MyLib", "MyLib\MyLib.vcxproj", "{811A5EAD-F984-451C-BD30-C44D04CDD0A0}"
EndProject
Global
	GlobalSection(SolutionConfigurationPlatforms) = preSolution
		Debug|x64 = Debug|x64
		Debug|x86 = Debug|x86
		Release|x64 = Release|x64
		Release|x86 = Release|x86
	EndGlobalSection
	GlobalSection(ProjectConfigurationPlatforms) = postSolution
		{7866FA27-4000-4519-9BF2-C9949FA55F00}.Debug|x64.ActiveCfg = Debug|x64
		{7866FA27-4000-4519-9BF2-C9949FA55F00}.Debug|x64.Build.0 = Debug|x64
		{7866FA27-4000-4519-9BF2-C9949FA55F00}.Debug|x86.ActiveCfg = Debug|Win32
		{7866FA27-4000-4519-9BF2-C9949FA55F00}.Debug|x86.Build.0 = Debug|Win32
		{7866FA27-4000-4519-9BF2-C9949FA55F00}.Release|x64.ActiveCfg = Release|x64
		{7866FA27-4000-4519-9BF2-C9949FA55F00}.Release|x64.Build.0 = Release|x64
		{7866FA27-4000-4519-9BF2-C9949FA55F00}.Release|x86.ActiveCfg = Release|Win32
		{7866FA27-4000-4519-9BF2-C9949FA55F00}.Release|x86.Build.0 = Release|Win32
		{811A5EAD-F984-451C-BD30-C44D04CDD0A0}.Debug|x64.ActiveCfg = Debug|x64
		{811A5EAD-F984-451C-BD30-C44D04CDD0A0}.Debug|x64.Build.0 = Debug|x64
		{811A5EAD-F984-451C-BD30-C44D04CDD0A0}.Debug|x86.ActiveCfg = Debug|Win32
		{811A5EAD-F984-451C-BD30-C44D04CDD0A0}.Debug|x86.Build.0 = Debug|Win32
		{811A5EAD-F984-451C-BD30-C44D04CDD0A0}.Release|x64.ActiveCfg = Release|x64
		{811A5EAD-F984-451C-BD30-C44D04CDD0A0}.Release|x64.Build.0 = Release|x64
		{811A5EAD-F984-451C-BD30-C44D04CDD0A0}.Release|x86.ActiveCfg = Release|Win32
		{811A5EAD-F984-451C-BD30-C44D04CDD0A0}.Release|x86.Build.0 = Release|Win32
	EndGlobalSection
	GlobalSection(SolutionProperties) = preSolution
		HideSolutionNode = FALSE
	EndGlobalSection
	GlobalSection(ExtensibilityGlobals) = postSolution
		SolutionGuid = {437016C6-5290-4252-B91C-7E912E4B7482}
	EndGlobalSection
EndGlobal
